
Microsoft Visual Studio Solution File, Format Version 12.00
# Visual Studio Version 17
VisualStudioVersion = 17.14.36414.22 d17.14
MinimumVisualStudioVersion = 10.0.40219.1
Project("{FAE04EC0-301F-11D3-BF4B-00C04F79EFBC}") = "WebcamController", "WebcamController.csproj", "{A75303A1-461F-4B3C-B10D-958D2340FACE}"
EndProject
Global
	GlobalSection(SolutionConfigurationPlatforms) = preSolution
		Debug|Any CPU = Debug|Any CPU
		Release|Any CPU = Release|Any CPU
	EndGlobalSection
	GlobalSection(ProjectConfigurationPlatforms) = postSolution
		{A75303A1-461F-4B3C-B10D-958D2340FACE}.Debug|Any CPU.ActiveCfg = Debug|Any CPU
		{A75303A1-461F-4B3C-B10D-958D2340FACE}.Debug|Any CPU.Build.0 = Debug|Any CPU
		{A75303A1-461F-4B3C-B10D-958D2340FACE}.Release|Any CPU.ActiveCfg = Release|Any CPU
		{A75303A1-461F-4B3C-B10D-958D2340FACE}.Release|Any CPU.Build.0 = Release|Any CPU
	EndGlobalSection
	GlobalSection(SolutionProperties) = preSolution
		HideSolutionNode = FALSE
	EndGlobalSection
	GlobalSection(ExtensibilityGlobals) = postSolution
		SolutionGuid = {2A3074BD-D001-49B6-9AD9-DA37C65FDC51}
	EndGlobalSection
EndGlobal
